<?xml version="1.0" encoding="UTF-8" standalone="yes" ?>
<CodeBlocks_project_file>
	<FileVersion major="1" minor="6" />
	<Project>
		<Option title="billing_software_system" />
		<Option pch_mode="2" />
		<Option compiler="gcc" />
		<Build>
			<Target title="Debug">
				<Option output="bin/Debug/billing_software_system" prefix_auto="1" extension_auto="1" />
				<Option object_output="obj/Debug/" />
				<Option type="1" />
				<Option compiler="gcc" />
				<Compiler>
					<Add option="-g" />
					<Add directory="include" />
				</Compiler>
			</Target>
			<Target title="Release">
				<Option output="bin/Release/billing_software_system" prefix_auto="1" extension_auto="1" />
				<Option object_output="obj/Release/" />
				<Option type="1" />
				<Option compiler="gcc" />
				<Compiler>
					<Add option="-O2" />
					<Add directory="include" />
				</Compiler>
				<Linker>
					<Add option="-s" />
				</Linker>
			</Target>
		</Build>
		<Compiler>
			<Add option="-Wall" />
			<Add option="-fexceptions" />
		</Compiler>
		<Unit filename="include/CAdmin.h" />
		<Unit filename="include/CFoodProduct.h" />
		<Unit filename="include/CHouseProduct.h" />
		<Unit filename="include/CManager.h" />
		<Unit filename="include/CProduct.h" />
		<Unit filename="include/CValid.h" />
		<Unit filename="main.cpp" />
		<Unit filename="src/CAdmin.cpp" />
		<Unit filename="src/CFoodProduct.cpp" />
		<Unit filename="src/CHouseProduct.cpp" />
		<Unit filename="src/CManager.cpp" />
		<Unit filename="src/CProduct.cpp" />
		<Unit filename="src/CValid.cpp" />
		<Extensions>
			<code_completion />
			<envvars />
			<debugger />
			<lib_finder disable_auto="1" />
		</Extensions>
	</Project>
</CodeBlocks_project_file>
